// !$*UTF8*$!
{
	archiveVersion = 1;
	classes = {
	};
	objectVersion = 46;
	objects = {

/* Begin PBXBuildFile section */
		701CD01E1EEE95B9004E8005 /* main.m in Sources */ = {isa = PBXBuildFile; fileRef = 701CD01D1EEE95B9004E8005 /* main.m */; };
		701CD0211EEE95B9004E8005 /* AppDelegate.m in Sources */ = {isa = PBXBuildFile; fileRef = 701CD0201EEE95B9004E8005 /* AppDelegate.m */; };
		701CD0241EEE95B9004E8005 /* ViewController.m in Sources */ = {isa = PBXBuildFile; fileRef = 701CD0231EEE95B9004E8005 /* ViewController.m */; };
		701CD0271EEE95B9004E8005 /* Main.storyboard in Resources */ = {isa = PBXBuildFile; fileRef = 701CD0251EEE95B9004E8005 /* Main.storyboard */; };
		701CD0291EEE95B9004E8005 /* Assets.xcassets in Resources */ = {isa = PBXBuildFile; fileRef = 701CD0281EEE95B9004E8005 /* Assets.xcassets */; };
		701CD02C1EEE95B9004E8005 /* LaunchScreen.storyboard in Resources */ = {isa = PBXBuildFile; fileRef = 701CD02A1EEE95B9004E8005 /* LaunchScreen.storyboard */; };
		701CD0401EEE9FF6004E8005 /* UIView+frame.m in Sources */ = {isa = PBXBuildFile; fileRef = 701CD03F1EEE9FF6004E8005 /* UIView+frame.m */; };
		701CD0431EEF8536004E8005 /* NSObject+Caculate.m in Sources */ = {isa = PBXBuildFile; fileRef = 701CD0421EEF8536004E8005 /* NSObject+Caculate.m */; };
		701CD0461EEF854C004E8005 /* MakeCaculate.m in Sources */ = {isa = PBXBuildFile; fileRef = 701CD0451EEF854C004E8005 /* MakeCaculate.m */; };
		70F130A51F6D76850047116E /* YHSelectButton.m in Sources */ = {isa = PBXBuildFile; fileRef = 70F1309F1F6D76850047116E /* YHSelectButton.m */; };
		70F130A61F6D76850047116E /* YHSelectButton.xib in Resources */ = {isa = PBXBuildFile; fileRef = 70F130A01F6D76850047116E /* YHSelectButton.xib */; };
		70F130A71F6D76850047116E /* YHSelectDropView.m in Sources */ = {isa = PBXBuildFile; fileRef = 70F130A21F6D76850047116E /* YHSelectDropView.m */; };
		70F130A81F6D76850047116E /* YHSelectItemView.m in Sources */ = {isa = PBXBuildFile; fileRef = 70F130A41F6D76850047116E /* YHSelectItemView.m */; };
/* End PBXBuildFile section */

/* Begin PBXFileReference section */
		701CD0191EEE95B9004E8005 /* SelectItemView.app */ = {isa = PBXFileReference; explicitFileType = wrapper.application; includeInIndex = 0; path = SelectItemView.app; sourceTree = BUILT_PRODUCTS_DIR; };
		701CD01D1EEE95B9004E8005 /* main.m */ = {isa = PBXFileReference; lastKnownFileType = sourcecode.c.objc; path = main.m; sourceTree = "<group>"; };
		701CD01F1EEE95B9004E8005 /* AppDelegate.h */ = {isa = PBXFileReference; lastKnownFileType = sourcecode.c.h; path = AppDelegate.h; sourceTree = "<group>"; };
		701CD0201EEE95B9004E8005 /* AppDelegate.m */ = {isa = PBXFileReference; lastKnownFileType = sourcecode.c.objc; path = AppDelegate.m; sourceTree = "<group>"; };
		701CD0221EEE95B9004E8005 /* ViewController.h */ = {isa = PBXFileReference; lastKnownFileType = sourcecode.c.h; path = ViewController.h; sourceTree = "<group>"; };
		701CD0231EEE95B9004E8005 /* ViewController.m */ = {isa = PBXFileReference; lastKnownFileType = sourcecode.c.objc; path = ViewController.m; sourceTree = "<group>"; };
		701CD0261EEE95B9004E8005 /* Base */ = {isa = PBXFileReference; lastKnownFileType = file.storyboard; name = Base; path = Base.lproj/Main.storyboard; sourceTree = "<group>"; };
		701CD0281EEE95B9004E8005 /* Assets.xcassets */ = {isa = PBXFileReference; lastKnownFileType = folder.assetcatalog; path = Assets.xcassets; sourceTree = "<group>"; };
		701CD02B1EEE95B9004E8005 /* Base */ = {isa = PBXFileReference; lastKnownFileType = file.storyboard; name = Base; path = Base.lproj/LaunchScreen.storyboard; sourceTree = "<group>"; };
		701CD02D1EEE95B9004E8005 /* Info.plist */ = {isa = PBXFileReference; lastKnownFileType = text.plist.xml; path = Info.plist; sourceTree = "<group>"; };
		701CD03E1EEE9FF6004E8005 /* UIView+frame.h */ = {isa = PBXFileReference; fileEncoding = 4; lastKnownFileType = sourcecode.c.h; path = "UIView+frame.h"; sourceTree = "<group>"; };
		701CD03F1EEE9FF6004E8005 /* UIView+frame.m */ = {isa = PBXFileReference; fileEncoding = 4; lastKnownFileType = sourcecode.c.objc; path = "UIView+frame.m"; sourceTree = "<group>"; };
		701CD0411EEF8536004E8005 /* NSObject+Caculate.h */ = {isa = PBXFileReference; fileEncoding = 4; lastKnownFileType = sourcecode.c.h; path = "NSObject+Caculate.h"; sourceTree = "<group>"; };
		701CD0421EEF8536004E8005 /* NSObject+Caculate.m */ = {isa = PBXFileReference; fileEncoding = 4; lastKnownFileType = sourcecode.c.objc; path = "NSObject+Caculate.m"; sourceTree = "<group>"; };
		701CD0441EEF854C004E8005 /* MakeCaculate.h */ = {isa = PBXFileReference; fileEncoding = 4; lastKnownFileType = sourcecode.c.h; path = MakeCaculate.h; sourceTree = "<group>"; };
		701CD0451EEF854C004E8005 /* MakeCaculate.m */ = {isa = PBXFileReference; fileEncoding = 4; lastKnownFileType = sourcecode.c.objc; path = MakeCaculate.m; sourceTree = "<group>"; };
		70F1309E1F6D76850047116E /* YHSelectButton.h */ = {isa = PBXFileReference; fileEncoding = 4; lastKnownFileType = sourcecode.c.h; path = YHSelectButton.h; sourceTree = "<group>"; };
		70F1309F1F6D76850047116E /* YHSelectButton.m */ = {isa = PBXFileReference; fileEncoding = 4; lastKnownFileType = sourcecode.c.objc; path = YHSelectButton.m; sourceTree = "<group>"; };
		70F130A01F6D76850047116E /* YHSelectButton.xib */ = {isa = PBXFileReference; fileEncoding = 4; lastKnownFileType = file.xib; path = YHSelectButton.xib; sourceTree = "<group>"; };
		70F130A11F6D76850047116E /* YHSelectDropView.h */ = {isa = PBXFileReference; fileEncoding = 4; lastKnownFileType = sourcecode.c.h; path = YHSelectDropView.h; sourceTree = "<group>"; };
		70F130A21F6D76850047116E /* YHSelectDropView.m */ = {isa = PBXFileReference; fileEncoding = 4; lastKnownFileType = sourcecode.c.objc; path = YHSelectDropView.m; sourceTree = "<group>"; };
		70F130A31F6D76850047116E /* YHSelectItemView.h */ = {isa = PBXFileReference; fileEncoding = 4; lastKnownFileType = sourcecode.c.h; path = YHSelectItemView.h; sourceTree = "<group>"; };
		70F130A41F6D76850047116E /* YHSelectItemView.m */ = {isa = PBXFileReference; fileEncoding = 4; lastKnownFileType = sourcecode.c.objc; path = YHSelectItemView.m; sourceTree = "<group>"; };
/* End PBXFileReference section */

/* Begin PBXFrameworksBuildPhase section */
		701CD0161EEE95B9004E8005 /* Frameworks */ = {
			isa = PBXFrameworksBuildPhase;
			buildActionMask = 2147483647;
			files = (
			);
			runOnlyForDeploymentPostprocessing = 0;
		};
/* End PBXFrameworksBuildPhase section */

/* Begin PBXGroup section */
		701CD0101EEE95B9004E8005 = {
			isa = PBXGroup;
			children = (
				701CD01B1EEE95B9004E8005 /* SelectItemView */,
				701CD01A1EEE95B9004E8005 /* Products */,
			);
			sourceTree = "<group>";
		};
		701CD01A1EEE95B9004E8005 /* Products */ = {
			isa = PBXGroup;
			children = (
				701CD0191EEE95B9004E8005 /* SelectItemView.app */,
			);
			name = Products;
			sourceTree = "<group>";
		};
		701CD01B1EEE95B9004E8005 /* SelectItemView */ = {
			isa = PBXGroup;
			children = (
				70F1309D1F6D76650047116E /* SelectView */,
				701CD01F1EEE95B9004E8005 /* AppDelegate.h */,
				701CD0201EEE95B9004E8005 /* AppDelegate.m */,
				701CD0221EEE95B9004E8005 /* ViewController.h */,
				701CD0231EEE95B9004E8005 /* ViewController.m */,
				701CD0251EEE95B9004E8005 /* Main.storyboard */,
				701CD0281EEE95B9004E8005 /* Assets.xcassets */,
				701CD02A1EEE95B9004E8005 /* LaunchScreen.storyboard */,
				701CD02D1EEE95B9004E8005 /* Info.plist */,
				701CD01C1EEE95B9004E8005 /* Supporting Files */,
				701CD03E1EEE9FF6004E8005 /* UIView+frame.h */,
				701CD03F1EEE9FF6004E8005 /* UIView+frame.m */,
				701CD0411EEF8536004E8005 /* NSObject+Caculate.h */,
				701CD0421EEF8536004E8005 /* NSObject+Caculate.m */,
				701CD0441EEF854C004E8005 /* MakeCaculate.h */,
				701CD0451EEF854C004E8005 /* MakeCaculate.m */,
			);
			path = SelectItemView;
			sourceTree = "<group>";
		};
		701CD01C1EEE95B9004E8005 /* Supporting Files */ = {
			isa = PBXGroup;
			children = (
				701CD01D1EEE95B9004E8005 /* main.m */,
			);
			name = "Supporting Files";
			sourceTree = "<group>";
		};
		70F1309D1F6D76650047116E /* SelectView */ = {
			isa = PBXGroup;
			children = (
				70F1309E1F6D76850047116E /* YHSelectButton.h */,
				70F1309F1F6D76850047116E /* YHSelectButton.m */,
				70F130A01F6D76850047116E /* YHSelectButton.xib */,
				70F130A11F6D76850047116E /* YHSelectDropView.h */,
				70F130A21F6D76850047116E /* YHSelectDropView.m */,
				70F130A31F6D76850047116E /* YHSelectItemView.h */,
				70F130A41F6D76850047116E /* YHSelectItemView.m */,
			);
			path = SelectView;
			sourceTree = "<group>";
		};
/* End PBXGroup section */

/* Begin PBXNativeTarget section */
		701CD0181EEE95B9004E8005 /* SelectItemView */ = {
			isa = PBXNativeTarget;
			buildConfigurationList = 701CD0301EEE95B9004E8005 /* Build configuration list for PBXNativeTarget "SelectItemView" */;
			buildPhases = (
				701CD0151EEE95B9004E8005 /* Sources */,
				701CD0161EEE95B9004E8005 /* Frameworks */,
				701CD0171EEE95B9004E8005 /* Resources */,
			);
			buildRules = (
			);
			dependencies = (
			);
			name = SelectItemView;
			productName = SelectItemView;
			productReference = 701CD0191EEE95B9004E8005 /* SelectItemView.app */;
			productType = "com.apple.product-type.application";
		};
/* End PBXNativeTarget section */

/* Begin PBXProject section */
		701CD0111EEE95B9004E8005 /* Project object */ = {
			isa = PBXProject;
			attributes = {
				LastUpgradeCheck = 0830;
				ORGANIZATIONNAME = huanglu;
				TargetAttributes = {
					701CD0181EEE95B9004E8005 = {
						CreatedOnToolsVersion = 8.3.3;
						DevelopmentTeam = 2F85MS5QM7;
						ProvisioningStyle = Automatic;
					};
				};
			};
			buildConfigurationList = 701CD0141EEE95B9004E8005 /* Build configuration list for PBXProject "SelectItemView" */;
			compatibilityVersion = "Xcode 3.2";
			developmentRegion = English;
			hasScannedForEncodings = 0;
			knownRegions = (
				en,
				Base,
			);
			mainGroup = 701CD0101EEE95B9004E8005;
			productRefGroup = 701CD01A1EEE95B9004E8005 /* Products */;
			projectDirPath = "";
			projectRoot = "";
			targets = (
				701CD0181EEE95B9004E8005 /* SelectItemView */,
			);
		};
/* End PBXProject section */

/* Begin PBXResourcesBuildPhase section */
		701CD0171EEE95B9004E8005 /* Resources */ = {
			isa = PBXResourcesBuildPhase;
			buildActionMask = 2147483647;
			files = (
				70F130A61F6D76850047116E /* YHSelectButton.xib in Resources */,
				701CD02C1EEE95B9004E8005 /* LaunchScreen.storyboard in Resources */,
				701CD0291EEE95B9004E8005 /* Assets.xcassets in Resources */,
				701CD0271EEE95B9004E8005 /* Main.storyboard in Resources */,
			);
			runOnlyForDeploymentPostprocessing = 0;
		};
/* End PBXResourcesBuildPhase section */

/* Begin PBXSourcesBuildPhase section */
		701CD0151EEE95B9004E8005 /* Sources */ = {
			isa = PBXSourcesBuildPhase;
			buildActionMask = 2147483647;
			files = (
				70F130A51F6D76850047116E /* YHSelectButton.m in Sources */,
				701CD0461EEF854C004E8005 /* MakeCaculate.m in Sources */,
				701CD0431EEF8536004E8005 /* NSObject+Caculate.m in Sources */,
				701CD0241EEE95B9004E8005 /* ViewController.m in Sources */,
				701CD0401EEE9FF6004E8005 /* UIView+frame.m in Sources */,
				701CD0211EEE95B9004E8005 /* AppDelegate.m in Sources */,
				70F130A81F6D76850047116E /* YHSelectItemView.m in Sources */,
				70F130A71F6D76850047116E /* YHSelectDropView.m in Sources */,
				701CD01E1EEE95B9004E8005 /* main.m in Sources */,
			);
			runOnlyForDeploymentPostprocessing = 0;
		};
/* End PBXSourcesBuildPhase section */

/* Begin PBXVariantGroup section */
		701CD0251EEE95B9004E8005 /* Main.storyboard */ = {
			isa = PBXVariantGroup;
			children = (
				701CD0261EEE95B9004E8005 /* Base */,
			);
			name = Main.storyboard;
			sourceTree = "<group>";
		};
		701CD02A1EEE95B9004E8005 /* LaunchScreen.storyboard */ = {
			isa = PBXVariantGroup;
			children = (
				701CD02B1EEE95B9004E8005 /* Base */,
			);
			name = LaunchScreen.storyboard;
			sourceTree = "<group>";
		};
/* End PBXVariantGroup section */

/* Begin XCBuildConfiguration section */
		701CD02E1EEE95B9004E8005 /* Debug */ = {
			isa = XCBuildConfiguration;
			buildSettings = {
				ALWAYS_SEARCH_USER_PATHS = NO;
				CLANG_ANALYZER_NONNULL = YES;
				CLANG_ANALYZER_NUMBER_OBJECT_CONVERSION = YES_AGGRESSIVE;
				CLANG_CXX_LANGUAGE_STANDARD = "gnu++0x";
				CLANG_CXX_LIBRARY = "libc++";
				CLANG_ENABLE_MODULES = YES;
				CLANG_ENABLE_OBJC_ARC = YES;
				CLANG_WARN_BOOL_CONVERSION = YES;
				CLANG_WARN_CONSTANT_CONVERSION = YES;
				CLANG_WARN_DIRECT_OBJC_ISA_USAGE = YES_ERROR;
				CLANG_WARN_DOCUMENTATION_COMMENTS = YES;
				CLANG_WARN_EMPTY_BODY = YES;
				CLANG_WARN_ENUM_CONVERSION = YES;
				CLANG_WARN_INFINITE_RECURSION = YES;
				CLANG_WARN_INT_CONVERSION = YES;
				CLANG_WARN_OBJC_ROOT_CLASS = YES_ERROR;
				CLANG_WARN_SUSPICIOUS_MOVE = YES;
				CLANG_WARN_UNREACHABLE_CODE = YES;
				CLANG_WARN__DUPLICATE_METHOD_MATCH = YES;
				"CODE_SIGN_IDENTITY[sdk=iphoneos*]" = "iPhone Developer";
				COPY_PHASE_STRIP = NO;
				DEBUG_INFORMATION_FORMAT = dwarf;
				ENABLE_STRICT_OBJC_MSGSEND = YES;
				ENABLE_TESTABILITY = YES;
				GCC_C_LANGUAGE_STANDARD = gnu99;
				GCC_DYNAMIC_NO_PIC = NO;
				GCC_NO_COMMON_BLOCKS = YES;
				GCC_OPTIMIZATION_LEVEL = 0;
				GCC_PREPROCESSOR_DEFINITIONS = (
					"DEBUG=1",
					"$(inherited)",
				);
				GCC_WARN_64_TO_32_BIT_CONVERSION = YES;
				GCC_WARN_ABOUT_RETURN_TYPE = YES_ERROR;
				GCC_WARN_UNDECLARED_SELECTOR = YES;
				GCC_WARN_UNINITIALIZED_AUTOS = YES_AGGRESSIVE;
				GCC_WARN_UNUSED_FUNCTION = YES;
				GCC_WARN_UNUSED_VARIABLE = YES;
				IPHONEOS_DEPLOYMENT_TARGET = 10.3;
				MTL_ENABLE_DEBUG_INFO = YES;
				ONLY_ACTIVE_ARCH = YES;
				SDKROOT = iphoneos;
			};
			name = Debug;
		};
		701CD02F1EEE95B9004E8005 /* Release */ = {
			isa = XCBuildConfiguration;
			buildSettings = {
				ALWAYS_SEARCH_USER_PATHS = NO;
				CLANG_ANALYZER_NONNULL = YES;
				CLANG_ANALYZER_NUMBER_OBJECT_CONVERSION = YES_AGGRESSIVE;
				CLANG_CXX_LANGUAGE_STANDARD = "gnu++0x";
				CLANG_CXX_LIBRARY = "libc++";
				CLANG_ENABLE_MODULES = YES;
				CLANG_ENABLE_OBJC_ARC = YES;
				CLANG_WARN_BOOL_CONVERSION = YES;
				CLANG_WARN_CONSTANT_CONVERSION = YES;
				CLANG_WARN_DIRECT_OBJC_ISA_USAGE = YES_ERROR;
				CLANG_WARN_DOCUMENTATION_COMMENTS = YES;
				CLANG_WARN_EMPTY_BODY = YES;
				CLANG_WARN_ENUM_CONVERSION = YES;
				CLANG_WARN_INFINITE_RECURSION = YES;
				CLANG_WARN_INT_CONVERSION = YES;
				CLANG_WARN_OBJC_ROOT_CLASS = YES_ERROR;
				CLANG_WARN_SUSPICIOUS_MOVE = YES;
				CLANG_WARN_UNREACHABLE_CODE = YES;
				CLANG_WARN__DUPLICATE_METHOD_MATCH = YES;
				"CODE_SIGN_IDENTITY[sdk=iphoneos*]" = "iPhone Developer";
				COPY_PHASE_STRIP = NO;
				DEBUG_INFORMATION_FORMAT = "dwarf-with-dsym";
				ENABLE_NS_ASSERTIONS = NO;
				ENABLE_STRICT_OBJC_MSGSEND = YES;
				GCC_C_LANGUAGE_STANDARD = gnu99;
				GCC_NO_COMMON_BLOCKS = YES;
				GCC_WARN_64_TO_32_BIT_CONVERSION = YES;
				GCC_WARN_ABOUT_RETURN_TYPE = YES_ERROR;
				GCC_WARN_UNDECLARED_SELECTOR = YES;
				GCC_WARN_UNINITIALIZED_AUTOS = YES_AGGRESSIVE;
				GCC_WARN_UNUSED_FUNCTION = YES;
				GCC_WARN_UNUSED_VARIABLE = YES;
				IPHONEOS_DEPLOYMENT_TARGET = 10.3;
				MTL_ENABLE_DEBUG_INFO = NO;
				SDKROOT = iphoneos;
				VALIDATE_PRODUCT = YES;
			};
			name = Release;
		};
		701CD0311EEE95B9004E8005 /* Debug */ = {
			isa = XCBuildConfiguration;
			buildSettings = {
				ASSETCATALOG_COMPILER_APPICON_NAME = AppIcon;
				DEVELOPMENT_TEAM = 2F85MS5QM7;
				INFOPLIST_FILE = SelectItemView/Info.plist;
				LD_RUNPATH_SEARCH_PATHS = "$(inherited) @executable_path/Frameworks";
				PRODUCT_BUNDLE_IDENTIFIER = "com.biz-uinitedT.SFA.SelectItemView";
				PRODUCT_NAME = "$(TARGET_NAME)";
			};
			name = Debug;
		};
		701CD0321EEE95B9004E8005 /* Release */ = {
			isa = XCBuildConfiguration;
			buildSettings = {
				ASSETCATALOG_COMPILER_APPICON_NAME = AppIcon;
				DEVELOPMENT_TEAM = 2F85MS5QM7;
				INFOPLIST_FILE = SelectItemView/Info.plist;
				LD_RUNPATH_SEARCH_PATHS = "$(inherited) @executable_path/Frameworks";
				PRODUCT_BUNDLE_IDENTIFIER = "com.biz-uinitedT.SFA.SelectItemView";
				PRODUCT_NAME = "$(TARGET_NAME)";
			};
			name = Release;
		};
/* End XCBuildConfiguration section */

/* Begin XCConfigurationList section */
		701CD0141EEE95B9004E8005 /* Build configuration list for PBXProject "SelectItemView" */ = {
			isa = XCConfigurationList;
			buildConfigurations = (
				701CD02E1EEE95B9004E8005 /* Debug */,
				701CD02F1EEE95B9004E8005 /* Release */,
			);
			defaultConfigurationIsVisible = 0;
			defaultConfigurationName = Release;
		};
		701CD0301EEE95B9004E8005 /* Build configuration list for PBXNativeTarget "SelectItemView" */ = {
			isa = XCConfigurationList;
			buildConfigurations = (
				701CD0311EEE95B9004E8005 /* Debug */,
				701CD0321EEE95B9004E8005 /* Release */,
			);
			defaultConfigurationIsVisible = 0;
			defaultConfigurationName = Release;
		};
/* End XCConfigurationList section */
	};
	rootObject = 701CD0111EEE95B9004E8005 /* Project object */;
}
